// !$*UTF8*$!
{
	archiveVersion = 1;
	classes = {
	};
	objectVersion = 48;
	objects = {

/* Begin PBXBuildFile section */
		6372F7D4202BCAB300251D0E /* DataModel.xcdatamodeld in Sources */ = {isa = PBXBuildFile; fileRef = 6372F7D2202BCAB300251D0E /* DataModel.xcdatamodeld */; };
		63F619C82034C7D9007A7D85 /* CatrgoryViewController.swift in Sources */ = {isa = PBXBuildFile; fileRef = 63F619C72034C7D9007A7D85 /* CatrgoryViewController.swift */; };
		63F81969201E4A52004F552E /* AppDelegate.swift in Sources */ = {isa = PBXBuildFile; fileRef = 63F81968201E4A52004F552E /* AppDelegate.swift */; };
		63F8196B201E4A52004F552E /* TodoListViewController.swift in Sources */ = {isa = PBXBuildFile; fileRef = 63F8196A201E4A52004F552E /* TodoListViewController.swift */; };
		63F8196E201E4A52004F552E /* Main.storyboard in Resources */ = {isa = PBXBuildFile; fileRef = 63F8196C201E4A52004F552E /* Main.storyboard */; };
		63F81970201E4A52004F552E /* Assets.xcassets in Resources */ = {isa = PBXBuildFile; fileRef = 63F8196F201E4A52004F552E /* Assets.xcassets */; };
		63F81973201E4A52004F552E /* LaunchScreen.storyboard in Resources */ = {isa = PBXBuildFile; fileRef = 63F81971201E4A52004F552E /* LaunchScreen.storyboard */; };
/* End PBXBuildFile section */

/* Begin PBXFileReference section */
		6372F7D3202BCAB300251D0E /* DataModel.xcdatamodel */ = {isa = PBXFileReference; lastKnownFileType = wrapper.xcdatamodel; path = DataModel.xcdatamodel; sourceTree = "<group>"; };
		63F619C72034C7D9007A7D85 /* CatrgoryViewController.swift */ = {isa = PBXFileReference; lastKnownFileType = sourcecode.swift; path = CatrgoryViewController.swift; sourceTree = "<group>"; };
		63F81965201E4A52004F552E /* Todoew.app */ = {isa = PBXFileReference; explicitFileType = wrapper.application; includeInIndex = 0; path = Todoew.app; sourceTree = BUILT_PRODUCTS_DIR; };
		63F81968201E4A52004F552E /* AppDelegate.swift */ = {isa = PBXFileReference; lastKnownFileType = sourcecode.swift; path = AppDelegate.swift; sourceTree = "<group>"; };
		63F8196A201E4A52004F552E /* TodoListViewController.swift */ = {isa = PBXFileReference; lastKnownFileType = sourcecode.swift; path = TodoListViewController.swift; sourceTree = "<group>"; };
		63F8196D201E4A52004F552E /* Base */ = {isa = PBXFileReference; lastKnownFileType = file.storyboard; name = Base; path = Base.lproj/Main.storyboard; sourceTree = "<group>"; };
		63F8196F201E4A52004F552E /* Assets.xcassets */ = {isa = PBXFileReference; lastKnownFileType = folder.assetcatalog; path = Assets.xcassets; sourceTree = "<group>"; };
		63F81972201E4A52004F552E /* Base */ = {isa = PBXFileReference; lastKnownFileType = file.storyboard; name = Base; path = Base.lproj/LaunchScreen.storyboard; sourceTree = "<group>"; };
		63F81974201E4A52004F552E /* Info.plist */ = {isa = PBXFileReference; lastKnownFileType = text.plist.xml; path = Info.plist; sourceTree = "<group>"; };
/* End PBXFileReference section */

/* Begin PBXFrameworksBuildPhase section */
		63F81962201E4A52004F552E /* Frameworks */ = {
			isa = PBXFrameworksBuildPhase;
			buildActionMask = 2147483647;
			files = (
			);
			runOnlyForDeploymentPostprocessing = 0;
		};
/* End PBXFrameworksBuildPhase section */

/* Begin PBXGroup section */
		63B491D0202A4A7500618F44 /* Data Model */ = {
			isa = PBXGroup;
			children = (
				6372F7D2202BCAB300251D0E /* DataModel.xcdatamodeld */,
			);
			path = "Data Model";
			sourceTree = "<group>";
		};
		63B491D1202A4A9800618F44 /* Controllers */ = {
			isa = PBXGroup;
			children = (
				63F619C72034C7D9007A7D85 /* CatrgoryViewController.swift */,
				63F8196A201E4A52004F552E /* TodoListViewController.swift */,
			);
			path = Controllers;
			sourceTree = "<group>";
		};
		63B491D2202A4ABA00618F44 /* Views */ = {
			isa = PBXGroup;
			children = (
				63F8196C201E4A52004F552E /* Main.storyboard */,
			);
			path = Views;
			sourceTree = "<group>";
		};
		63B491D3202A4ADF00618F44 /* Supporting Files */ = {
			isa = PBXGroup;
			children = (
				63F8196F201E4A52004F552E /* Assets.xcassets */,
				63F81971201E4A52004F552E /* LaunchScreen.storyboard */,
			);
			path = "Supporting Files";
			sourceTree = "<group>";
		};
		63F8195C201E4A52004F552E = {
			isa = PBXGroup;
			children = (
				63F81967201E4A52004F552E /* Todoew */,
				63F81966201E4A52004F552E /* Products */,
			);
			sourceTree = "<group>";
		};
		63F81966201E4A52004F552E /* Products */ = {
			isa = PBXGroup;
			children = (
				63F81965201E4A52004F552E /* Todoew.app */,
			);
			name = Products;
			sourceTree = "<group>";
		};
		63F81967201E4A52004F552E /* Todoew */ = {
			isa = PBXGroup;
			children = (
				63F81968201E4A52004F552E /* AppDelegate.swift */,
				63B491D0202A4A7500618F44 /* Data Model */,
				63B491D1202A4A9800618F44 /* Controllers */,
				63B491D2202A4ABA00618F44 /* Views */,
				63B491D3202A4ADF00618F44 /* Supporting Files */,
				63F81974201E4A52004F552E /* Info.plist */,
			);
			path = Todoew;
			sourceTree = "<group>";
		};
/* End PBXGroup section */

/* Begin PBXNativeTarget section */
		63F81964201E4A52004F552E /* Todoew */ = {
			isa = PBXNativeTarget;
			buildConfigurationList = 63F81977201E4A52004F552E /* Build configuration list for PBXNativeTarget "Todoew" */;
			buildPhases = (
				63F81961201E4A52004F552E /* Sources */,
				63F81962201E4A52004F552E /* Frameworks */,
				63F81963201E4A52004F552E /* Resources */,
			);
			buildRules = (
			);
			dependencies = (
			);
			name = Todoew;
			productName = Todoew;
			productReference = 63F81965201E4A52004F552E /* Todoew.app */;
			productType = "com.apple.product-type.application";
		};
/* End PBXNativeTarget section */

/* Begin PBXProject section */
		63F8195D201E4A52004F552E /* Project object */ = {
			isa = PBXProject;
			attributes = {
				LastSwiftUpdateCheck = 0920;
				LastUpgradeCheck = 0920;
				ORGANIZATIONNAME = ZeppoWare;
				TargetAttributes = {
					63F81964201E4A52004F552E = {
						CreatedOnToolsVersion = 9.2;
						ProvisioningStyle = Automatic;
					};
				};
			};
			buildConfigurationList = 63F81960201E4A52004F552E /* Build configuration list for PBXProject "Todoew" */;
			compatibilityVersion = "Xcode 8.0";
			developmentRegion = en;
			hasScannedForEncodings = 0;
			knownRegions = (
				en,
				Base,
			);
			mainGroup = 63F8195C201E4A52004F552E;
			productRefGroup = 63F81966201E4A52004F552E /* Products */;
			projectDirPath = "";
			projectRoot = "";
			targets = (
				63F81964201E4A52004F552E /* Todoew */,
			);
		};
/* End PBXProject section */

/* Begin PBXResourcesBuildPhase section */
		63F81963201E4A52004F552E /* Resources */ = {
			isa = PBXResourcesBuildPhase;
			buildActionMask = 2147483647;
			files = (
				63F81973201E4A52004F552E /* LaunchScreen.storyboard in Resources */,
				63F81970201E4A52004F552E /* Assets.xcassets in Resources */,
				63F8196E201E4A52004F552E /* Main.storyboard in Resources */,
			);
			runOnlyForDeploymentPostprocessing = 0;
		};
/* End PBXResourcesBuildPhase section */

/* Begin PBXSourcesBuildPhase section */
		63F81961201E4A52004F552E /* Sources */ = {
			isa = PBXSourcesBuildPhase;
			buildActionMask = 2147483647;
			files = (
				63F8196B201E4A52004F552E /* TodoListViewController.swift in Sources */,
				63F619C82034C7D9007A7D85 /* CatrgoryViewController.swift in Sources */,
				6372F7D4202BCAB300251D0E /* DataModel.xcdatamodeld in Sources */,
				63F81969201E4A52004F552E /* AppDelegate.swift in Sources */,
			);
			runOnlyForDeploymentPostprocessing = 0;
		};
/* End PBXSourcesBuildPhase section */

/* Begin PBXVariantGroup section */
		63F8196C201E4A52004F552E /* Main.storyboard */ = {
			isa = PBXVariantGroup;
			children = (
				63F8196D201E4A52004F552E /* Base */,
			);
			name = Main.storyboard;
			sourceTree = "<group>";
		};
		63F81971201E4A52004F552E /* LaunchScreen.storyboard */ = {
			isa = PBXVariantGroup;
			children = (
				63F81972201E4A52004F552E /* Base */,
			);
			name = LaunchScreen.storyboard;
			sourceTree = "<group>";
		};
/* End PBXVariantGroup section */

/* Begin XCBuildConfiguration section */
		63F81975201E4A52004F552E /* Debug */ = {
			isa = XCBuildConfiguration;
			buildSettings = {
				ALWAYS_SEARCH_USER_PATHS = NO;
				CLANG_ANALYZER_NONNULL = YES;
				CLANG_ANALYZER_NUMBER_OBJECT_CONVERSION = YES_AGGRESSIVE;
				CLANG_CXX_LANGUAGE_STANDARD = "gnu++14";
				CLANG_CXX_LIBRARY = "libc++";
				CLANG_ENABLE_MODULES = YES;
				CLANG_ENABLE_OBJC_ARC = YES;
				CLANG_WARN_BLOCK_CAPTURE_AUTORELEASING = YES;
				CLANG_WARN_BOOL_CONVERSION = YES;
				CLANG_WARN_COMMA = YES;
				CLANG_WARN_CONSTANT_CONVERSION = YES;
				CLANG_WARN_DIRECT_OBJC_ISA_USAGE = YES_ERROR;
				CLANG_WARN_DOCUMENTATION_COMMENTS = YES;
				CLANG_WARN_EMPTY_BODY = YES;
				CLANG_WARN_ENUM_CONVERSION = YES;
				CLANG_WARN_INFINITE_RECURSION = YES;
				CLANG_WARN_INT_CONVERSION = YES;
				CLANG_WARN_NON_LITERAL_NULL_CONVERSION = YES;
				CLANG_WARN_OBJC_LITERAL_CONVERSION = YES;
				CLANG_WARN_OBJC_ROOT_CLASS = YES_ERROR;
				CLANG_WARN_RANGE_LOOP_ANALYSIS = YES;
				CLANG_WARN_STRICT_PROTOTYPES = YES;
				CLANG_WARN_SUSPICIOUS_MOVE = YES;
				CLANG_WARN_UNGUARDED_AVAILABILITY = YES_AGGRESSIVE;
				CLANG_WARN_UNREACHABLE_CODE = YES;
				CLANG_WARN__DUPLICATE_METHOD_MATCH = YES;
				CODE_SIGN_IDENTITY = "iPhone Developer";
				COPY_PHASE_STRIP = NO;
				DEBUG_INFORMATION_FORMAT = dwarf;
				ENABLE_STRICT_OBJC_MSGSEND = YES;
				ENABLE_TESTABILITY = YES;
				GCC_C_LANGUAGE_STANDARD = gnu11;
				GCC_DYNAMIC_NO_PIC = NO;
				GCC_NO_COMMON_BLOCKS = YES;
				GCC_OPTIMIZATION_LEVEL = 0;
				GCC_PREPROCESSOR_DEFINITIONS = (
					"DEBUG=1",
					"$(inherited)",
				);
				GCC_WARN_64_TO_32_BIT_CONVERSION = YES;
				GCC_WARN_ABOUT_RETURN_TYPE = YES_ERROR;
				GCC_WARN_UNDECLARED_SELECTOR = YES;
				GCC_WARN_UNINITIALIZED_AUTOS = YES_AGGRESSIVE;
				GCC_WARN_UNUSED_FUNCTION = YES;
				GCC_WARN_UNUSED_VARIABLE = YES;
				IPHONEOS_DEPLOYMENT_TARGET = 11.2;
				MTL_ENABLE_DEBUG_INFO = YES;
				ONLY_ACTIVE_ARCH = YES;
				SDKROOT = iphoneos;
				SWIFT_ACTIVE_COMPILATION_CONDITIONS = DEBUG;
				SWIFT_OPTIMIZATION_LEVEL = "-Onone";
			};
			name = Debug;
		};
		63F81976201E4A52004F552E /* Release */ = {
			isa = XCBuildConfiguration;
			buildSettings = {
				ALWAYS_SEARCH_USER_PATHS = NO;
				CLANG_ANALYZER_NONNULL = YES;
				CLANG_ANALYZER_NUMBER_OBJECT_CONVERSION = YES_AGGRESSIVE;
				CLANG_CXX_LANGUAGE_STANDARD = "gnu++14";
				CLANG_CXX_LIBRARY = "libc++";
				CLANG_ENABLE_MODULES = YES;
				CLANG_ENABLE_OBJC_ARC = YES;
				CLANG_WARN_BLOCK_CAPTURE_AUTORELEASING = YES;
				CLANG_WARN_BOOL_CONVERSION = YES;
				CLANG_WARN_COMMA = YES;
				CLANG_WARN_CONSTANT_CONVERSION = YES;
				CLANG_WARN_DIRECT_OBJC_ISA_USAGE = YES_ERROR;
				CLANG_WARN_DOCUMENTATION_COMMENTS = YES;
				CLANG_WARN_EMPTY_BODY = YES;
				CLANG_WARN_ENUM_CONVERSION = YES;
				CLANG_WARN_INFINITE_RECURSION = YES;
				CLANG_WARN_INT_CONVERSION = YES;
				CLANG_WARN_NON_LITERAL_NULL_CONVERSION = YES;
				CLANG_WARN_OBJC_LITERAL_CONVERSION = YES;
				CLANG_WARN_OBJC_ROOT_CLASS = YES_ERROR;
				CLANG_WARN_RANGE_LOOP_ANALYSIS = YES;
				CLANG_WARN_STRICT_PROTOTYPES = YES;
				CLANG_WARN_SUSPICIOUS_MOVE = YES;
				CLANG_WARN_UNGUARDED_AVAILABILITY = YES_AGGRESSIVE;
				CLANG_WARN_UNREACHABLE_CODE = YES;
				CLANG_WARN__DUPLICATE_METHOD_MATCH = YES;
				CODE_SIGN_IDENTITY = "iPhone Developer";
				COPY_PHASE_STRIP = NO;
				DEBUG_INFORMATION_FORMAT = "dwarf-with-dsym";
				ENABLE_NS_ASSERTIONS = NO;
				ENABLE_STRICT_OBJC_MSGSEND = YES;
				GCC_C_LANGUAGE_STANDARD = gnu11;
				GCC_NO_COMMON_BLOCKS = YES;
				GCC_WARN_64_TO_32_BIT_CONVERSION = YES;
				GCC_WARN_ABOUT_RETURN_TYPE = YES_ERROR;
				GCC_WARN_UNDECLARED_SELECTOR = YES;
				GCC_WARN_UNINITIALIZED_AUTOS = YES_AGGRESSIVE;
				GCC_WARN_UNUSED_FUNCTION = YES;
				GCC_WARN_UNUSED_VARIABLE = YES;
				IPHONEOS_DEPLOYMENT_TARGET = 11.2;
				MTL_ENABLE_DEBUG_INFO = NO;
				SDKROOT = iphoneos;
				SWIFT_OPTIMIZATION_LEVEL = "-Owholemodule";
				VALIDATE_PRODUCT = YES;
			};
			name = Release;
		};
		63F81978201E4A52004F552E /* Debug */ = {
			isa = XCBuildConfiguration;
			buildSettings = {
				ASSETCATALOG_COMPILER_APPICON_NAME = AppIcon;
				CODE_SIGN_STYLE = Automatic;
				INFOPLIST_FILE = Todoew/Info.plist;
				LD_RUNPATH_SEARCH_PATHS = "$(inherited) @executable_path/Frameworks";
				PRODUCT_BUNDLE_IDENTIFIER = com.zeppo.Todoew;
				PRODUCT_NAME = "$(TARGET_NAME)";
				SWIFT_VERSION = 4.0;
				TARGETED_DEVICE_FAMILY = "1,2";
			};
			name = Debug;
		};
		63F81979201E4A52004F552E /* Release */ = {
			isa = XCBuildConfiguration;
			buildSettings = {
				ASSETCATALOG_COMPILER_APPICON_NAME = AppIcon;
				CODE_SIGN_STYLE = Automatic;
				INFOPLIST_FILE = Todoew/Info.plist;
				LD_RUNPATH_SEARCH_PATHS = "$(inherited) @executable_path/Frameworks";
				PRODUCT_BUNDLE_IDENTIFIER = com.zeppo.Todoew;
				PRODUCT_NAME = "$(TARGET_NAME)";
				SWIFT_VERSION = 4.0;
				TARGETED_DEVICE_FAMILY = "1,2";
			};
			name = Release;
		};
/* End XCBuildConfiguration section */

/* Begin XCConfigurationList section */
		63F81960201E4A52004F552E /* Build configuration list for PBXProject "Todoew" */ = {
			isa = XCConfigurationList;
			buildConfigurations = (
				63F81975201E4A52004F552E /* Debug */,
				63F81976201E4A52004F552E /* Release */,
			);
			defaultConfigurationIsVisible = 0;
			defaultConfigurationName = Release;
		};
		63F81977201E4A52004F552E /* Build configuration list for PBXNativeTarget "Todoew" */ = {
			isa = XCConfigurationList;
			buildConfigurations = (
				63F81978201E4A52004F552E /* Debug */,
				63F81979201E4A52004F552E /* Release */,
			);
			defaultConfigurationIsVisible = 0;
			defaultConfigurationName = Release;
		};
/* End XCConfigurationList section */

/* Begin XCVersionGroup section */
		6372F7D2202BCAB300251D0E /* DataModel.xcdatamodeld */ = {
			isa = XCVersionGroup;
			children = (
				6372F7D3202BCAB300251D0E /* DataModel.xcdatamodel */,
			);
			currentVersion = 6372F7D3202BCAB300251D0E /* DataModel.xcdatamodel */;
			path = DataModel.xcdatamodeld;
			sourceTree = "<group>";
			versionGroupType = wrapper.xcdatamodel;
		};
/* End XCVersionGroup section */
	};
	rootObject = 63F8195D201E4A52004F552E /* Project object */;
}
